
Microsoft Visual Studio Solution File, Format Version 12.00
# Visual Studio Version 17
VisualStudioVersion = 17.9.34310.174
MinimumVisualStudioVersion = 10.0.40219.1
Project("{FAE04EC0-301F-11D3-BF4B-00C04F79EFBC}") = "TESTE", "TESTE\TESTE.csproj", "{FE67E8C1-08D4-4A28-A101-700FC91BE4AE}"
EndProject
Global
	GlobalSection(SolutionConfigurationPlatforms) = preSolution
		Debug|Any CPU = Debug|Any CPU
		Release|Any CPU = Release|Any CPU
	EndGlobalSection
	GlobalSection(ProjectConfigurationPlatforms) = postSolution
		{FE67E8C1-08D4-4A28-A101-700FC91BE4AE}.Debug|Any CPU.ActiveCfg = Debug|Any CPU
		{FE67E8C1-08D4-4A28-A101-700FC91BE4AE}.Debug|Any CPU.Build.0 = Debug|Any CPU
		{FE67E8C1-08D4-4A28-A101-700FC91BE4AE}.Release|Any CPU.ActiveCfg = Release|Any CPU
		{FE67E8C1-08D4-4A28-A101-700FC91BE4AE}.Release|Any CPU.Build.0 = Release|Any CPU
	EndGlobalSection
	GlobalSection(SolutionProperties) = preSolution
		HideSolutionNode = FALSE
	EndGlobalSection
	GlobalSection(ExtensibilityGlobals) = postSolution
		SolutionGuid = {4A6DE7A7-60BA-4F12-BBF2-BEF6DB391FBE}
	EndGlobalSection
EndGlobal
